// !$*UTF8*$!
{
	archiveVersion = 1;
	classes = {
	};
	objectVersion = 46;
	objects = {

/* Begin PBXBuildFile section */
		005D4EE1C6AC5D1725E2A0A4 /* MetalKit.framework */ = {isa = PBXBuildFile; fileRef = 7F728BA35713EBCF5C47CE7B; settings = { ATTRIBUTES = (Weak, ); }; };
		1233F5A08D231FDA0C227ECD /* Foundation.framework */ = {isa = PBXBuildFile; fileRef = 98FB05116F4B5F05669C5C01; };
		15AAEE57B35EEF5BC8AF3102 /* MainComponent.cpp */ = {isa = PBXBuildFile; fileRef = 4D93A7C30301528120EB3DC6; };
		1E00A60F2F89CA8AD64A8B28 /* include_juce_data_structures.mm */ = {isa = PBXBuildFile; fileRef = 35B7E2D862B85F281FA4CFA6; };
		2FEA3A264C4DE213A6016B5B /* Cocoa.framework */ = {isa = PBXBuildFile; fileRef = ED3184AD0EDDF6D5A07F1BAF; };
		459CBF44478FEC117D248E2A /* Metal.framework */ = {isa = PBXBuildFile; fileRef = 39E788644E7787CE330699AE; settings = { ATTRIBUTES = (Weak, ); }; };
		48EC17E94121157F393B3622 /* App */ = {isa = PBXBuildFile; fileRef = C2592BA31CC6FE0B627BD17F; };
		5DF8E30CB3E6BD2D83FDA86A /* include_juce_graphics_Harfbuzz.cpp */ = {isa = PBXBuildFile; fileRef = 2DDA81C868ABB56CA47B1FA9; };
		673E2D6C6B6A9E6A5D1147BF /* include_juce_graphics.mm */ = {isa = PBXBuildFile; fileRef = 9D869AC4DB6BD3576F76CB62; };
		7013BC83249A578D15C57E34 /* include_juce_core.mm */ = {isa = PBXBuildFile; fileRef = B1EA967FAA2FE0FBEABA2817; };
		7D3D8836501E8D25951E23AE /* include_juce_gui_basics.mm */ = {isa = PBXBuildFile; fileRef = 3CA5BBDE6C1FE397EE16CDE1; };
		A18F84D3BE1F6CDB002A4648 /* QuartzCore.framework */ = {isa = PBXBuildFile; fileRef = B555968CE89C4D5C44BFE021; };
		A841F25DE1AA7E634DA0BAA5 /* include_juce_events.mm */ = {isa = PBXBuildFile; fileRef = 943585DE4EEBD7AEC9D1B5FE; };
		AE5780212D2F6195BDD4E809 /* Main.cpp */ = {isa = PBXBuildFile; fileRef = ECC1A0070B7B6594AAF1D991; };
		B0E04CBD94811088F15A4D75 /* include_juce_core_CompilationTime.cpp */ = {isa = PBXBuildFile; fileRef = 4CBE5FBD61B8C84C9317AFFD; };
		B74EF1F73CD7495BB9BDE859 /* RecentFilesMenuTemplate.nib */ = {isa = PBXBuildFile; fileRef = 849A0DB3BAE4EA2C13467F20; };
		D220EA44274F2B96992CEDDD /* include_juce_graphics_Sheenbidi.c */ = {isa = PBXBuildFile; fileRef = E55E219680DC776BA2780A08; };
		D40FAAF7EB2B49E3EC254CBE /* Security.framework */ = {isa = PBXBuildFile; fileRef = E424A3E60AB2133F7832C80F; };
		E108FA3C67EC216472DB9346 /* BinaryData.cpp */ = {isa = PBXBuildFile; fileRef = 1AF0A6DBDC4C736D32597285; };
		FD7B9BDFC1A2C0B3BA7EAADB /* IOKit.framework */ = {isa = PBXBuildFile; fileRef = F2D1D69C996D9E4AB5AA18D7; };
/* End PBXBuildFile section */

/* Begin PBXFileReference section */
		09B262CB8831FBD9A823C77C /* JuceHeader.h */ /* JuceHeader.h */ = {isa = PBXFileReference; lastKnownFileType = sourcecode.c.h; name = JuceHeader.h; path = ../../JuceLibraryCode/JuceHeader.h; sourceTree = SOURCE_ROOT; };
		15E3CE99C74B6CB7E899569F /* button.png */ /* button.png */ = {isa = PBXFileReference; lastKnownFileType = image.png; name = button.png; path = ../../../../Desktop/button.png; sourceTree = SOURCE_ROOT; };
		18E478010D748FDBF5A5C3DD /* juce_gui_basics */ /* juce_gui_basics */ = {isa = PBXFileReference; lastKnownFileType = folder; name = juce_gui_basics; path = "~/JUCE/modules/juce_gui_basics"; sourceTree = "<absolute>"; };
		1AF0A6DBDC4C736D32597285 /* BinaryData.cpp */ /* BinaryData.cpp */ = {isa = PBXFileReference; lastKnownFileType = sourcecode.cpp.cpp; name = BinaryData.cpp; path = ../../JuceLibraryCode/BinaryData.cpp; sourceTree = SOURCE_ROOT; };
		1EACBEB65304AF610250744D /* BinaryData.h */ /* BinaryData.h */ = {isa = PBXFileReference; lastKnownFileType = sourcecode.c.h; name = BinaryData.h; path = ../../JuceLibraryCode/BinaryData.h; sourceTree = SOURCE_ROOT; };
		28A47BE27335B73E47F35138 /* juce_data_structures */ /* juce_data_structures */ = {isa = PBXFileReference; lastKnownFileType = folder; name = juce_data_structures; path = "~/JUCE/modules/juce_data_structures"; sourceTree = "<absolute>"; };
		2DDA81C868ABB56CA47B1FA9 /* include_juce_graphics_Harfbuzz.cpp */ /* include_juce_graphics_Harfbuzz.cpp */ = {isa = PBXFileReference; lastKnownFileType = sourcecode.cpp.cpp; name = include_juce_graphics_Harfbuzz.cpp; path = ../../JuceLibraryCode/include_juce_graphics_Harfbuzz.cpp; sourceTree = SOURCE_ROOT; };
		35B7E2D862B85F281FA4CFA6 /* include_juce_data_structures.mm */ /* include_juce_data_structures.mm */ = {isa = PBXFileReference; lastKnownFileType = sourcecode.cpp.objcpp; name = include_juce_data_structures.mm; path = ../../JuceLibraryCode/include_juce_data_structures.mm; sourceTree = SOURCE_ROOT; };
		39E788644E7787CE330699AE /* Metal.framework */ /* Metal.framework */ = {isa = PBXFileReference; lastKnownFileType = wrapper.framework; name = Metal.framework; path = System/Library/Frameworks/Metal.framework; sourceTree = SDKROOT; };
		3CA5BBDE6C1FE397EE16CDE1 /* include_juce_gui_basics.mm */ /* include_juce_gui_basics.mm */ = {isa = PBXFileReference; lastKnownFileType = sourcecode.cpp.objcpp; name = include_juce_gui_basics.mm; path = ../../JuceLibraryCode/include_juce_gui_basics.mm; sourceTree = SOURCE_ROOT; };
		3EDD2680154B7F86DFBA0184 /* downButton.png */ /* downButton.png */ = {isa = PBXFileReference; lastKnownFileType = image.png; name = downButton.png; path = ../../../../Desktop/downButton.png; sourceTree = SOURCE_ROOT; };
		4745340E3680529420120EB9 /* juce_events */ /* juce_events */ = {isa = PBXFileReference; lastKnownFileType = folder; name = juce_events; path = "~/JUCE/modules/juce_events"; sourceTree = "<absolute>"; };
		4CBE5FBD61B8C84C9317AFFD /* include_juce_core_CompilationTime.cpp */ /* include_juce_core_CompilationTime.cpp */ = {isa = PBXFileReference; lastKnownFileType = sourcecode.cpp.cpp; name = include_juce_core_CompilationTime.cpp; path = ../../JuceLibraryCode/include_juce_core_CompilationTime.cpp; sourceTree = SOURCE_ROOT; };
		4D93A7C30301528120EB3DC6 /* MainComponent.cpp */ /* MainComponent.cpp */ = {isa = PBXFileReference; lastKnownFileType = sourcecode.cpp.cpp; name = MainComponent.cpp; path = ../../Source/MainComponent.cpp; sourceTree = SOURCE_ROOT; };
		7F728BA35713EBCF5C47CE7B /* MetalKit.framework */ /* MetalKit.framework */ = {isa = PBXFileReference; lastKnownFileType = wrapper.framework; name = MetalKit.framework; path = System/Library/Frameworks/MetalKit.framework; sourceTree = SDKROOT; };
		849A0DB3BAE4EA2C13467F20 /* RecentFilesMenuTemplate.nib */ /* RecentFilesMenuTemplate.nib */ = {isa = PBXFileReference; lastKnownFileType = file.nib; name = RecentFilesMenuTemplate.nib; path = RecentFilesMenuTemplate.nib; sourceTree = SOURCE_ROOT; };
		93D97B60D5FE7AA08BBE0BC2 /* juce_core */ /* juce_core */ = {isa = PBXFileReference; lastKnownFileType = folder; name = juce_core; path = "~/JUCE/modules/juce_core"; sourceTree = "<absolute>"; };
		943585DE4EEBD7AEC9D1B5FE /* include_juce_events.mm */ /* include_juce_events.mm */ = {isa = PBXFileReference; lastKnownFileType = sourcecode.cpp.objcpp; name = include_juce_events.mm; path = ../../JuceLibraryCode/include_juce_events.mm; sourceTree = SOURCE_ROOT; };
		98FB05116F4B5F05669C5C01 /* Foundation.framework */ /* Foundation.framework */ = {isa = PBXFileReference; lastKnownFileType = wrapper.framework; name = Foundation.framework; path = System/Library/Frameworks/Foundation.framework; sourceTree = SDKROOT; };
		9D869AC4DB6BD3576F76CB62 /* include_juce_graphics.mm */ /* include_juce_graphics.mm */ = {isa = PBXFileReference; lastKnownFileType = sourcecode.cpp.objcpp; name = include_juce_graphics.mm; path = ../../JuceLibraryCode/include_juce_graphics.mm; sourceTree = SOURCE_ROOT; };
		B1EA967FAA2FE0FBEABA2817 /* include_juce_core.mm */ /* include_juce_core.mm */ = {isa = PBXFileReference; lastKnownFileType = sourcecode.cpp.objcpp; name = include_juce_core.mm; path = ../../JuceLibraryCode/include_juce_core.mm; sourceTree = SOURCE_ROOT; };
		B555968CE89C4D5C44BFE021 /* QuartzCore.framework */ /* QuartzCore.framework */ = {isa = PBXFileReference; lastKnownFileType = wrapper.framework; name = QuartzCore.framework; path = System/Library/Frameworks/QuartzCore.framework; sourceTree = SDKROOT; };
		BD5A77694BBDA164BAA663EC /* Info-App.plist */ /* Info-App.plist */ = {isa = PBXFileReference; lastKnownFileType = text.plist.xml; name = "Info-App.plist"; path = "Info-App.plist"; sourceTree = SOURCE_ROOT; };
		BE23D359F820AA3E04F73654 /* MainComponent.h */ /* MainComponent.h */ = {isa = PBXFileReference; lastKnownFileType = sourcecode.c.h; name = MainComponent.h; path = ../../Source/MainComponent.h; sourceTree = SOURCE_ROOT; };
		C2592BA31CC6FE0B627BD17F /* App */ = {isa = PBXFileReference; explicitFileType = wrapper.application; includeInIndex = 0; path = VintageSequencer.app; sourceTree = BUILT_PRODUCTS_DIR; };
		D084EA5DDD6124FF14110739 /* juce_graphics */ /* juce_graphics */ = {isa = PBXFileReference; lastKnownFileType = folder; name = juce_graphics; path = "~/JUCE/modules/juce_graphics"; sourceTree = "<absolute>"; };
		E424A3E60AB2133F7832C80F /* Security.framework */ /* Security.framework */ = {isa = PBXFileReference; lastKnownFileType = wrapper.framework; name = Security.framework; path = System/Library/Frameworks/Security.framework; sourceTree = SDKROOT; };
		E55E219680DC776BA2780A08 /* include_juce_graphics_Sheenbidi.c */ /* include_juce_graphics_Sheenbidi.c */ = {isa = PBXFileReference; lastKnownFileType = sourcecode.c.c; name = include_juce_graphics_Sheenbidi.c; path = ../../JuceLibraryCode/include_juce_graphics_Sheenbidi.c; sourceTree = SOURCE_ROOT; };
		ECC1A0070B7B6594AAF1D991 /* Main.cpp */ /* Main.cpp */ = {isa = PBXFileReference; lastKnownFileType = sourcecode.cpp.cpp; name = Main.cpp; path = ../../Source/Main.cpp; sourceTree = SOURCE_ROOT; };
		ED3184AD0EDDF6D5A07F1BAF /* Cocoa.framework */ /* Cocoa.framework */ = {isa = PBXFileReference; lastKnownFileType = wrapper.framework; name = Cocoa.framework; path = System/Library/Frameworks/Cocoa.framework; sourceTree = SDKROOT; };
		F2D1D69C996D9E4AB5AA18D7 /* IOKit.framework */ /* IOKit.framework */ = {isa = PBXFileReference; lastKnownFileType = wrapper.framework; name = IOKit.framework; path = System/Library/Frameworks/IOKit.framework; sourceTree = SDKROOT; };
/* End PBXFileReference section */

/* Begin PBXFrameworksBuildPhase section */
		8E0F57F44C964F2200480271 = {
			isa = PBXFrameworksBuildPhase;
			buildActionMask = 2147483647;
			files = (
				2FEA3A264C4DE213A6016B5B,
				1233F5A08D231FDA0C227ECD,
				FD7B9BDFC1A2C0B3BA7EAADB,
				A18F84D3BE1F6CDB002A4648,
				D40FAAF7EB2B49E3EC254CBE,
				459CBF44478FEC117D248E2A,
				005D4EE1C6AC5D1725E2A0A4,
			);
			runOnlyForDeploymentPostprocessing = 0;
		};
/* End PBXFrameworksBuildPhase section */

/* Begin PBXGroup section */
		6C512F7AAF9DF21EFBFEE5CA /* Resources */ = {
			isa = PBXGroup;
			children = (
				BD5A77694BBDA164BAA663EC,
				849A0DB3BAE4EA2C13467F20,
			);
			name = Resources;
			sourceTree = "<group>";
		};
		A060AAF694D921449BA74603 /* Products */ = {
			isa = PBXGroup;
			children = (
				C2592BA31CC6FE0B627BD17F,
			);
			name = Products;
			sourceTree = "<group>";
		};
		A64D831418E9558FFE4C8311 /* Resources */ = {
			isa = PBXGroup;
			children = (
				15E3CE99C74B6CB7E899569F,
				3EDD2680154B7F86DFBA0184,
			);
			name = Resources;
			sourceTree = "<group>";
		};
		AAE1BA17A5C0392812738ECF /* Source */ = {
			isa = PBXGroup;
			children = (
				ECC1A0070B7B6594AAF1D991,
				BE23D359F820AA3E04F73654,
				4D93A7C30301528120EB3DC6,
			);
			name = Source;
			sourceTree = "<group>";
		};
		AD153F2587A277A792BE2A0F /* Frameworks */ = {
			isa = PBXGroup;
			children = (
				ED3184AD0EDDF6D5A07F1BAF,
				98FB05116F4B5F05669C5C01,
				F2D1D69C996D9E4AB5AA18D7,
				B555968CE89C4D5C44BFE021,
				E424A3E60AB2133F7832C80F,
				39E788644E7787CE330699AE,
				7F728BA35713EBCF5C47CE7B,
			);
			name = Frameworks;
			sourceTree = "<group>";
		};
		B5DE857208E667D05656D6E1 /* Source */ = {
			isa = PBXGroup;
			children = (
				DA841698FDE947B0DCAAE577,
				F91A06138B807EFB541BCCF4,
				BBD9A041F9267CFC80F7DE63,
				6C512F7AAF9DF21EFBFEE5CA,
				AD153F2587A277A792BE2A0F,
				A060AAF694D921449BA74603,
			);
			name = Source;
			sourceTree = "<group>";
		};
		BBD9A041F9267CFC80F7DE63 /* JUCE Library Code */ = {
			isa = PBXGroup;
			children = (
				1AF0A6DBDC4C736D32597285,
				1EACBEB65304AF610250744D,
				B1EA967FAA2FE0FBEABA2817,
				4CBE5FBD61B8C84C9317AFFD,
				35B7E2D862B85F281FA4CFA6,
				943585DE4EEBD7AEC9D1B5FE,
				9D869AC4DB6BD3576F76CB62,
				2DDA81C868ABB56CA47B1FA9,
				E55E219680DC776BA2780A08,
				3CA5BBDE6C1FE397EE16CDE1,
				09B262CB8831FBD9A823C77C,
			);
			name = "JUCE Library Code";
			sourceTree = "<group>";
		};
		DA841698FDE947B0DCAAE577 /* VintageSequencer */ = {
			isa = PBXGroup;
			children = (
				A64D831418E9558FFE4C8311,
				AAE1BA17A5C0392812738ECF,
			);
			name = VintageSequencer;
			sourceTree = "<group>";
		};
		F91A06138B807EFB541BCCF4 /* JUCE Modules */ = {
			isa = PBXGroup;
			children = (
				93D97B60D5FE7AA08BBE0BC2,
				28A47BE27335B73E47F35138,
				4745340E3680529420120EB9,
				D084EA5DDD6124FF14110739,
				18E478010D748FDBF5A5C3DD,
			);
			name = "JUCE Modules";
			sourceTree = "<group>";
		};
/* End PBXGroup section */

/* Begin PBXNativeTarget section */
		C8F7293B7F33641FCFCD580F /* VintageSequencer - App */ = {
			isa = PBXNativeTarget;
			buildConfigurationList = 2593945089363D48FC3BB21D;
			buildPhases = (
				441AD7EEA583F5826636EC83,
				144EC648606F22DBE718993E,
				8E0F57F44C964F2200480271,
			);
			buildRules = (
			);
			dependencies = (
			);
			name = "VintageSequencer - App";
			productName = VintageSequencer;
			productReference = C2592BA31CC6FE0B627BD17F;
			productType = "com.apple.product-type.application";
		};
/* End PBXNativeTarget section */

/* Begin PBXProject section */
		CF4C9AE2121BB4D93B3E3992 = {
			isa = PBXProject;
			attributes = {
				BuildIndependentTargetsInParallel = YES;
				LastUpgradeCheck = 1340;
				ORGANIZATIONNAME = "Scott Metoyer";
				TargetAttributes = {
					C8F7293B7F33641FCFCD580F = {
						SystemCapabilities = {
							com.apple.ApplicationGroups.iOS = {
								enabled = 0;
							};
							com.apple.HardenedRuntime = {
								enabled = 0;
							};
							com.apple.InAppPurchase = {
								enabled = 0;
							};
							com.apple.InterAppAudio = {
								enabled = 0;
							};
							com.apple.Push = {
								enabled = 0;
							};
							com.apple.Sandbox = {
								enabled = 0;
							};
						};
					};
				};
			};
			buildConfigurationList = CC4DEDDE7F15C8632B68C765;
			compatibilityVersion = "Xcode 3.2";
			hasScannedForEncodings = 0;
			knownRegions = (
				en,
				Base,
			);
			mainGroup = B5DE857208E667D05656D6E1;
			projectDirPath = "";
			projectRoot = "";
			targets = (
				C8F7293B7F33641FCFCD580F,
			);
		};
/* End PBXProject section */

/* Begin PBXResourcesBuildPhase section */
		441AD7EEA583F5826636EC83 = {
			isa = PBXResourcesBuildPhase;
			buildActionMask = 2147483647;
			files = (
				B74EF1F73CD7495BB9BDE859,
			);
			runOnlyForDeploymentPostprocessing = 0;
		};
/* End PBXResourcesBuildPhase section */

/* Begin PBXSourcesBuildPhase section */
		144EC648606F22DBE718993E = {
			isa = PBXSourcesBuildPhase;
			buildActionMask = 2147483647;
			files = (
				AE5780212D2F6195BDD4E809,
				15AAEE57B35EEF5BC8AF3102,
				E108FA3C67EC216472DB9346,
				7013BC83249A578D15C57E34,
				B0E04CBD94811088F15A4D75,
				1E00A60F2F89CA8AD64A8B28,
				A841F25DE1AA7E634DA0BAA5,
				673E2D6C6B6A9E6A5D1147BF,
				5DF8E30CB3E6BD2D83FDA86A,
				D220EA44274F2B96992CEDDD,
				7D3D8836501E8D25951E23AE,
			);
			runOnlyForDeploymentPostprocessing = 0;
		};
/* End PBXSourcesBuildPhase section */

/* Begin XCBuildConfiguration section */
		2F0C1DA93565D9D24BC9EFDA /* Release */ = {
			isa = XCBuildConfiguration;
			buildSettings = {
				ALWAYS_SEARCH_USER_PATHS = NO;
				CLANG_ENABLE_OBJC_WEAK = YES;
				CLANG_WARN_BLOCK_CAPTURE_AUTORELEASING = YES;
				CLANG_WARN_BOOL_CONVERSION = YES;
				CLANG_WARN_COMMA = YES;
				CLANG_WARN_CONSTANT_CONVERSION = YES;
				CLANG_WARN_DEPRECATED_OBJC_IMPLEMENTATIONS = YES;
				CLANG_WARN_EMPTY_BODY = YES;
				CLANG_WARN_ENUM_CONVERSION = YES;
				CLANG_WARN_INFINITE_RECURSION = YES;
				CLANG_WARN_INT_CONVERSION = YES;
				CLANG_WARN_NON_LITERAL_NULL_CONVERSION = YES;
				CLANG_WARN_OBJC_IMPLICIT_RETAIN_SELF = YES;
				CLANG_WARN_OBJC_LITERAL_CONVERSION = YES;
				CLANG_WARN_RANGE_LOOP_ANALYSIS = YES;
				CLANG_WARN_STRICT_PROTOTYPES = YES;
				CLANG_WARN_SUSPICIOUS_MOVE = YES;
				CLANG_WARN_UNREACHABLE_CODE = YES;
				CLANG_WARN__DUPLICATE_METHOD_MATCH = YES;
				DEBUG_INFORMATION_FORMAT = dwarf;
				ENABLE_STRICT_OBJC_MSGSEND = YES;
				ENABLE_TESTABILITY = NO;
				GCC_C_LANGUAGE_STANDARD = c11;
				GCC_INLINES_ARE_PRIVATE_EXTERN = YES;
				GCC_MODEL_TUNING = G5;
				GCC_NO_COMMON_BLOCKS = YES;
				GCC_SYMBOLS_PRIVATE_EXTERN = YES;
				GCC_WARN_64_TO_32_BIT_CONVERSION = YES;
				GCC_WARN_ABOUT_RETURN_TYPE = YES;
				GCC_WARN_CHECK_SWITCH_STATEMENTS = YES;
				GCC_WARN_MISSING_PARENTHESES = YES;
				GCC_WARN_NON_VIRTUAL_DESTRUCTOR = YES;
				GCC_WARN_TYPECHECK_CALLS_TO_PRINTF = YES;
				GCC_WARN_UNDECLARED_SELECTOR = YES;
				GCC_WARN_UNINITIALIZED_AUTOS = YES;
				GCC_WARN_UNUSED_FUNCTION = YES;
				GCC_WARN_UNUSED_VARIABLE = YES;
				OTHER_CODE_SIGN_FLAGS = --timestamp;
				PRODUCT_NAME = "VintageSequencer";
				SDKROOT = macosx;
				WARNING_CFLAGS = "-Wreorder";
				ZERO_LINK = NO;
			};
			name = Release;
		};
		334F85A0036BF82C19EC4874 /* Debug */ = {
			isa = XCBuildConfiguration;
			buildSettings = {
				ALWAYS_SEARCH_USER_PATHS = NO;
				CLANG_ENABLE_OBJC_WEAK = YES;
				CLANG_WARN_BLOCK_CAPTURE_AUTORELEASING = YES;
				CLANG_WARN_BOOL_CONVERSION = YES;
				CLANG_WARN_COMMA = YES;
				CLANG_WARN_CONSTANT_CONVERSION = YES;
				CLANG_WARN_DEPRECATED_OBJC_IMPLEMENTATIONS = YES;
				CLANG_WARN_EMPTY_BODY = YES;
				CLANG_WARN_ENUM_CONVERSION = YES;
				CLANG_WARN_INFINITE_RECURSION = YES;
				CLANG_WARN_INT_CONVERSION = YES;
				CLANG_WARN_NON_LITERAL_NULL_CONVERSION = YES;
				CLANG_WARN_OBJC_IMPLICIT_RETAIN_SELF = YES;
				CLANG_WARN_OBJC_LITERAL_CONVERSION = YES;
				CLANG_WARN_RANGE_LOOP_ANALYSIS = YES;
				CLANG_WARN_STRICT_PROTOTYPES = YES;
				CLANG_WARN_SUSPICIOUS_MOVE = YES;
				CLANG_WARN_UNREACHABLE_CODE = YES;
				CLANG_WARN__DUPLICATE_METHOD_MATCH = YES;
				DEBUG_INFORMATION_FORMAT = dwarf;
				ENABLE_STRICT_OBJC_MSGSEND = YES;
				ENABLE_TESTABILITY = NO;
				GCC_C_LANGUAGE_STANDARD = c11;
				GCC_INLINES_ARE_PRIVATE_EXTERN = YES;
				GCC_MODEL_TUNING = G5;
				GCC_NO_COMMON_BLOCKS = YES;
				GCC_SYMBOLS_PRIVATE_EXTERN = YES;
				GCC_WARN_64_TO_32_BIT_CONVERSION = YES;
				GCC_WARN_ABOUT_RETURN_TYPE = YES;
				GCC_WARN_CHECK_SWITCH_STATEMENTS = YES;
				GCC_WARN_MISSING_PARENTHESES = YES;
				GCC_WARN_NON_VIRTUAL_DESTRUCTOR = YES;
				GCC_WARN_TYPECHECK_CALLS_TO_PRINTF = YES;
				GCC_WARN_UNDECLARED_SELECTOR = YES;
				GCC_WARN_UNINITIALIZED_AUTOS = YES;
				GCC_WARN_UNUSED_FUNCTION = YES;
				GCC_WARN_UNUSED_VARIABLE = YES;
				ONLY_ACTIVE_ARCH = YES;
				OTHER_CODE_SIGN_FLAGS = --timestamp;
				PRODUCT_NAME = "VintageSequencer";
				SDKROOT = macosx;
				WARNING_CFLAGS = "-Wreorder";
				ZERO_LINK = NO;
			};
			name = Debug;
		};
		D9C8E2B88C199228EACF96AF /* Release */ = {
			isa = XCBuildConfiguration;
			buildSettings = {
				CLANG_CXX_LANGUAGE_STANDARD = "c++17";
				CLANG_CXX_LIBRARY = "libc++";
				CLANG_LINK_OBJC_RUNTIME = NO;
				COMBINE_HIDPI_IMAGES = YES;
				CONFIGURATION_BUILD_DIR = "$(PROJECT_DIR)/build/$(CONFIGURATION)";
				DEAD_CODE_STRIPPING = YES;
				EXCLUDED_ARCHS = "";
				GCC_GENERATE_DEBUGGING_SYMBOLS = NO;
				GCC_OPTIMIZATION_LEVEL = 3;
				GCC_PREPROCESSOR_DEFINITIONS = (
					"_NDEBUG=1",
					"NDEBUG=1",
					"JUCE_PROJUCER_VERSION=0x80003",
					"JUCE_MODULE_AVAILABLE_juce_core=1",
					"JUCE_MODULE_AVAILABLE_juce_data_structures=1",
					"JUCE_MODULE_AVAILABLE_juce_events=1",
					"JUCE_MODULE_AVAILABLE_juce_graphics=1",
					"JUCE_MODULE_AVAILABLE_juce_gui_basics=1",
					"JUCE_GLOBAL_MODULE_SETTINGS_INCLUDED=1",
					"JUCE_STRICT_REFCOUNTEDPOINTER=1",
					"JUCE_STANDALONE_APPLICATION=1",
					"JUCER_XCODE_MAC_F6D2F4CF=1",
					"JUCE_APP_VERSION=1.0.0",
					"JUCE_APP_VERSION_HEX=0x10000",
					"JucePlugin_Build_VST=0",
					"JucePlugin_Build_VST3=0",
					"JucePlugin_Build_AU=0",
					"JucePlugin_Build_AUv3=0",
					"JucePlugin_Build_AAX=0",
					"JucePlugin_Build_Standalone=0",
					"JucePlugin_Build_Unity=0",
					"JucePlugin_Build_LV2=0",
				);
				GCC_VERSION = com.apple.compilers.llvm.clang.1_0;
				HEADER_SEARCH_PATHS = (
					"$(SRCROOT)/../../JuceLibraryCode",
					"$(HOME)/JUCE/modules",
					"$(inherited)",
				);
				INFOPLIST_FILE = Info-App.plist;
				INFOPLIST_PREPROCESS = NO;
				INSTALL_PATH = "$(HOME)/Applications";
				LLVM_LTO = YES;
				MACOSX_DEPLOYMENT_TARGET = 10.13;
				MTL_HEADER_SEARCH_PATHS = "$(SRCROOT)/../../JuceLibraryCode $(HOME)/JUCE/modules";
				PRODUCT_BUNDLE_IDENTIFIER = com.ScottMetoyer.VintageSequencer;
				PRODUCT_NAME = "VintageSequencer";
				USE_HEADERMAP = NO;
				VALID_ARCHS = "i386 x86_64 arm64 arm64e";
			};
			name = Release;
		};
		EE491779572F3921C65324E2 /* Debug */ = {
			isa = XCBuildConfiguration;
			buildSettings = {
				CLANG_CXX_LANGUAGE_STANDARD = "c++17";
				CLANG_CXX_LIBRARY = "libc++";
				CLANG_LINK_OBJC_RUNTIME = NO;
				COMBINE_HIDPI_IMAGES = YES;
				CONFIGURATION_BUILD_DIR = "$(PROJECT_DIR)/build/$(CONFIGURATION)";
				COPY_PHASE_STRIP = NO;
				EXCLUDED_ARCHS = "";
				GCC_DYNAMIC_NO_PIC = NO;
				GCC_OPTIMIZATION_LEVEL = 0;
				GCC_PREPROCESSOR_DEFINITIONS = (
					"_DEBUG=1",
					"DEBUG=1",
					"JUCE_PROJUCER_VERSION=0x80003",
					"JUCE_MODULE_AVAILABLE_juce_core=1",
					"JUCE_MODULE_AVAILABLE_juce_data_structures=1",
					"JUCE_MODULE_AVAILABLE_juce_events=1",
					"JUCE_MODULE_AVAILABLE_juce_graphics=1",
					"JUCE_MODULE_AVAILABLE_juce_gui_basics=1",
					"JUCE_GLOBAL_MODULE_SETTINGS_INCLUDED=1",
					"JUCE_STRICT_REFCOUNTEDPOINTER=1",
					"JUCE_STANDALONE_APPLICATION=1",
					"JUCER_XCODE_MAC_F6D2F4CF=1",
					"JUCE_APP_VERSION=1.0.0",
					"JUCE_APP_VERSION_HEX=0x10000",
					"JucePlugin_Build_VST=0",
					"JucePlugin_Build_VST3=0",
					"JucePlugin_Build_AU=0",
					"JucePlugin_Build_AUv3=0",
					"JucePlugin_Build_AAX=0",
					"JucePlugin_Build_Standalone=0",
					"JucePlugin_Build_Unity=0",
					"JucePlugin_Build_LV2=0",
				);
				GCC_VERSION = com.apple.compilers.llvm.clang.1_0;
				HEADER_SEARCH_PATHS = (
					"$(SRCROOT)/../../JuceLibraryCode",
					"$(HOME)/JUCE/modules",
					"$(inherited)",
				);
				INFOPLIST_FILE = Info-App.plist;
				INFOPLIST_PREPROCESS = NO;
				INSTALL_PATH = "$(HOME)/Applications";
				MACOSX_DEPLOYMENT_TARGET = 10.13;
				MTL_HEADER_SEARCH_PATHS = "$(SRCROOT)/../../JuceLibraryCode $(HOME)/JUCE/modules";
				PRODUCT_BUNDLE_IDENTIFIER = com.ScottMetoyer.VintageSequencer;
				PRODUCT_NAME = "VintageSequencer";
				USE_HEADERMAP = NO;
				VALID_ARCHS = "i386 x86_64 arm64 arm64e";
			};
			name = Debug;
		};
/* End XCBuildConfiguration section */

/* Begin XCConfigurationList section */
		2593945089363D48FC3BB21D = {
			isa = XCConfigurationList;
			buildConfigurations = (
				EE491779572F3921C65324E2,
				D9C8E2B88C199228EACF96AF,
			);
			defaultConfigurationIsVisible = 0;
			defaultConfigurationName = Debug;
		};
		CC4DEDDE7F15C8632B68C765 = {
			isa = XCConfigurationList;
			buildConfigurations = (
				2F0C1DA93565D9D24BC9EFDA,
				334F85A0036BF82C19EC4874,
			);
			defaultConfigurationIsVisible = 0;
			defaultConfigurationName = Debug;
		};
/* End XCConfigurationList section */
	};
	rootObject = CF4C9AE2121BB4D93B3E3992 /* Project object */;
}
